// !$*UTF8*$!
{
	archiveVersion = 1;
	classes = {
	};
	objectVersion = 46;
	objects = {

/* Begin PBXBuildFile section */
		9477356613DA894800093C88 /* NSObject+SBJSON.m in Sources */ = {isa = PBXBuildFile; fileRef = 9477355B13DA894800093C88 /* NSObject+SBJSON.m */; };
		9477356713DA894800093C88 /* NSString+SBJSON.m in Sources */ = {isa = PBXBuildFile; fileRef = 9477355D13DA894800093C88 /* NSString+SBJSON.m */; };
		9477356813DA894800093C88 /* SBJSON.m in Sources */ = {isa = PBXBuildFile; fileRef = 9477355F13DA894800093C88 /* SBJSON.m */; };
		9477356913DA894800093C88 /* SBJsonBase.m in Sources */ = {isa = PBXBuildFile; fileRef = 9477356113DA894800093C88 /* SBJsonBase.m */; };
		9477356A13DA894800093C88 /* SBJsonParser.m in Sources */ = {isa = PBXBuildFile; fileRef = 9477356313DA894800093C88 /* SBJsonParser.m */; };
		9477356B13DA894800093C88 /* SBJsonWriter.m in Sources */ = {isa = PBXBuildFile; fileRef = 9477356513DA894800093C88 /* SBJsonWriter.m */; };
		9477359613DBC23C00093C88 /* 101OceanDrivenight2.jpg in Resources */ = {isa = PBXBuildFile; fileRef = 9477359513DBC23C00093C88 /* 101OceanDrivenight2.jpg */; };
		949F1E3813DF8AF700860572 /* TapDetectingImageView.m in Sources */ = {isa = PBXBuildFile; fileRef = 949F1E3513DF8AF700860572 /* TapDetectingImageView.m */; };
		949F1E3913DF8AF700860572 /* ThumbImageView.m in Sources */ = {isa = PBXBuildFile; fileRef = 949F1E3713DF8AF700860572 /* ThumbImageView.m */; };
		94C30DF413D642F20068A722 /* UIKit.framework in Frameworks */ = {isa = PBXBuildFile; fileRef = 94C30DF313D642F20068A722 /* UIKit.framework */; };
		94C30DF613D642F20068A722 /* Foundation.framework in Frameworks */ = {isa = PBXBuildFile; fileRef = 94C30DF513D642F20068A722 /* Foundation.framework */; };
		94C30DF813D642F20068A722 /* CoreGraphics.framework in Frameworks */ = {isa = PBXBuildFile; fileRef = 94C30DF713D642F20068A722 /* CoreGraphics.framework */; };
		94C30DFE13D642F20068A722 /* InfoPlist.strings in Resources */ = {isa = PBXBuildFile; fileRef = 94C30DFC13D642F20068A722 /* InfoPlist.strings */; };
		94C30E0113D642F20068A722 /* main.m in Sources */ = {isa = PBXBuildFile; fileRef = 94C30E0013D642F20068A722 /* main.m */; };
		94C30E0413D642F20068A722 /* CoronadoApp3AppDelegate.m in Sources */ = {isa = PBXBuildFile; fileRef = 94C30E0313D642F20068A722 /* CoronadoApp3AppDelegate.m */; };
		94C30E0713D642F20068A722 /* MainWindow.xib in Resources */ = {isa = PBXBuildFile; fileRef = 94C30E0513D642F20068A722 /* MainWindow.xib */; };
		94C30E0A13D642F20068A722 /* FirstViewController.m in Sources */ = {isa = PBXBuildFile; fileRef = 94C30E0913D642F20068A722 /* FirstViewController.m */; };
		94C30E0D13D642F20068A722 /* SecondViewController.m in Sources */ = {isa = PBXBuildFile; fileRef = 94C30E0C13D642F20068A722 /* SecondViewController.m */; };
		94C30E1013D642F30068A722 /* FirstView.xib in Resources */ = {isa = PBXBuildFile; fileRef = 94C30E0E13D642F30068A722 /* FirstView.xib */; };
		94C30E1313D642F30068A722 /* SecondView.xib in Resources */ = {isa = PBXBuildFile; fileRef = 94C30E1113D642F30068A722 /* SecondView.xib */; };
		94C30E1E13D645790068A722 /* MyViewController.m in Sources */ = {isa = PBXBuildFile; fileRef = 94C30E1C13D645790068A722 /* MyViewController.m */; };
		94C30E2013D646080068A722 /* MyViewController.xib in Resources */ = {isa = PBXBuildFile; fileRef = 94C30E1F13D646080068A722 /* MyViewController.xib */; };
		94C30E7D13D68F5D0068A722 /* MapKit.framework in Frameworks */ = {isa = PBXBuildFile; fileRef = 94C30E7C13D68F5D0068A722 /* MapKit.framework */; };
		94C30E7F13D68F710068A722 /* QuartzCore.framework in Frameworks */ = {isa = PBXBuildFile; fileRef = 94C30E7E13D68F710068A722 /* QuartzCore.framework */; };
/* End PBXBuildFile section */

/* Begin PBXFileReference section */
		9477355913DA894800093C88 /* JSON.h */ = {isa = PBXFileReference; fileEncoding = 4; lastKnownFileType = sourcecode.c.h; path = JSON.h; sourceTree = "<group>"; };
		9477355A13DA894800093C88 /* NSObject+SBJSON.h */ = {isa = PBXFileReference; fileEncoding = 4; lastKnownFileType = sourcecode.c.h; path = "NSObject+SBJSON.h"; sourceTree = "<group>"; };
		9477355B13DA894800093C88 /* NSObject+SBJSON.m */ = {isa = PBXFileReference; fileEncoding = 4; lastKnownFileType = sourcecode.c.objc; path = "NSObject+SBJSON.m"; sourceTree = "<group>"; };
		9477355C13DA894800093C88 /* NSString+SBJSON.h */ = {isa = PBXFileReference; fileEncoding = 4; lastKnownFileType = sourcecode.c.h; path = "NSString+SBJSON.h"; sourceTree = "<group>"; };
		9477355D13DA894800093C88 /* NSString+SBJSON.m */ = {isa = PBXFileReference; fileEncoding = 4; lastKnownFileType = sourcecode.c.objc; path = "NSString+SBJSON.m"; sourceTree = "<group>"; };
		9477355E13DA894800093C88 /* SBJSON.h */ = {isa = PBXFileReference; fileEncoding = 4; lastKnownFileType = sourcecode.c.h; path = SBJSON.h; sourceTree = "<group>"; };
		9477355F13DA894800093C88 /* SBJSON.m */ = {isa = PBXFileReference; fileEncoding = 4; lastKnownFileType = sourcecode.c.objc; path = SBJSON.m; sourceTree = "<group>"; };
		9477356013DA894800093C88 /* SBJsonBase.h */ = {isa = PBXFileReference; fileEncoding = 4; lastKnownFileType = sourcecode.c.h; path = SBJsonBase.h; sourceTree = "<group>"; };
		9477356113DA894800093C88 /* SBJsonBase.m */ = {isa = PBXFileReference; fileEncoding = 4; lastKnownFileType = sourcecode.c.objc; path = SBJsonBase.m; sourceTree = "<group>"; };
		9477356213DA894800093C88 /* SBJsonParser.h */ = {isa = PBXFileReference; fileEncoding = 4; lastKnownFileType = sourcecode.c.h; path = SBJsonParser.h; sourceTree = "<group>"; };
		9477356313DA894800093C88 /* SBJsonParser.m */ = {isa = PBXFileReference; fileEncoding = 4; lastKnownFileType = sourcecode.c.objc; path = SBJsonParser.m; sourceTree = "<group>"; };
		9477356413DA894800093C88 /* SBJsonWriter.h */ = {isa = PBXFileReference; fileEncoding = 4; lastKnownFileType = sourcecode.c.h; path = SBJsonWriter.h; sourceTree = "<group>"; };
		9477356513DA894800093C88 /* SBJsonWriter.m */ = {isa = PBXFileReference; fileEncoding = 4; lastKnownFileType = sourcecode.c.objc; path = SBJsonWriter.m; sourceTree = "<group>"; };
		9477359513DBC23C00093C88 /* 101OceanDrivenight2.jpg */ = {isa = PBXFileReference; lastKnownFileType = image.jpeg; path = 101OceanDrivenight2.jpg; sourceTree = "<group>"; };
		949F1E3413DF8AF700860572 /* TapDetectingImageView.h */ = {isa = PBXFileReference; fileEncoding = 4; lastKnownFileType = sourcecode.c.h; path = TapDetectingImageView.h; sourceTree = "<group>"; };
		949F1E3513DF8AF700860572 /* TapDetectingImageView.m */ = {isa = PBXFileReference; fileEncoding = 4; lastKnownFileType = sourcecode.c.objc; path = TapDetectingImageView.m; sourceTree = "<group>"; };
		949F1E3613DF8AF700860572 /* ThumbImageView.h */ = {isa = PBXFileReference; fileEncoding = 4; lastKnownFileType = sourcecode.c.h; path = ThumbImageView.h; sourceTree = "<group>"; };
		949F1E3713DF8AF700860572 /* ThumbImageView.m */ = {isa = PBXFileReference; fileEncoding = 4; lastKnownFileType = sourcecode.c.objc; path = ThumbImageView.m; sourceTree = "<group>"; };
		94C30DEF13D642F20068A722 /* CoronadoApp3.app */ = {isa = PBXFileReference; explicitFileType = wrapper.application; includeInIndex = 0; path = CoronadoApp3.app; sourceTree = BUILT_PRODUCTS_DIR; };
		94C30DF313D642F20068A722 /* UIKit.framework */ = {isa = PBXFileReference; lastKnownFileType = wrapper.framework; name = UIKit.framework; path = System/Library/Frameworks/UIKit.framework; sourceTree = SDKROOT; };
		94C30DF513D642F20068A722 /* Foundation.framework */ = {isa = PBXFileReference; lastKnownFileType = wrapper.framework; name = Foundation.framework; path = System/Library/Frameworks/Foundation.framework; sourceTree = SDKROOT; };
		94C30DF713D642F20068A722 /* CoreGraphics.framework */ = {isa = PBXFileReference; lastKnownFileType = wrapper.framework; name = CoreGraphics.framework; path = System/Library/Frameworks/CoreGraphics.framework; sourceTree = SDKROOT; };
		94C30DFB13D642F20068A722 /* CoronadoApp3-Info.plist */ = {isa = PBXFileReference; lastKnownFileType = text.plist.xml; path = "CoronadoApp3-Info.plist"; sourceTree = "<group>"; };
		94C30DFD13D642F20068A722 /* en */ = {isa = PBXFileReference; lastKnownFileType = text.plist.strings; name = en; path = en.lproj/InfoPlist.strings; sourceTree = "<group>"; };
		94C30DFF13D642F20068A722 /* CoronadoApp3-Prefix.pch */ = {isa = PBXFileReference; lastKnownFileType = sourcecode.c.h; path = "CoronadoApp3-Prefix.pch"; sourceTree = "<group>"; };
		94C30E0013D642F20068A722 /* main.m */ = {isa = PBXFileReference; lastKnownFileType = sourcecode.c.objc; path = main.m; sourceTree = "<group>"; };
		94C30E0213D642F20068A722 /* CoronadoApp3AppDelegate.h */ = {isa = PBXFileReference; lastKnownFileType = sourcecode.c.h; path = CoronadoApp3AppDelegate.h; sourceTree = "<group>"; };
		94C30E0313D642F20068A722 /* CoronadoApp3AppDelegate.m */ = {isa = PBXFileReference; lastKnownFileType = sourcecode.c.objc; path = CoronadoApp3AppDelegate.m; sourceTree = "<group>"; };
		94C30E0613D642F20068A722 /* en */ = {isa = PBXFileReference; lastKnownFileType = file.xib; name = en; path = en.lproj/MainWindow.xib; sourceTree = "<group>"; };
		94C30E0813D642F20068A722 /* FirstViewController.h */ = {isa = PBXFileReference; lastKnownFileType = sourcecode.c.h; path = FirstViewController.h; sourceTree = "<group>"; };
		94C30E0913D642F20068A722 /* FirstViewController.m */ = {isa = PBXFileReference; lastKnownFileType = sourcecode.c.objc; path = FirstViewController.m; sourceTree = "<group>"; };
		94C30E0B13D642F20068A722 /* SecondViewController.h */ = {isa = PBXFileReference; lastKnownFileType = sourcecode.c.h; path = SecondViewController.h; sourceTree = "<group>"; };
		94C30E0C13D642F20068A722 /* SecondViewController.m */ = {isa = PBXFileReference; lastKnownFileType = sourcecode.c.objc; path = SecondViewController.m; sourceTree = "<group>"; };
		94C30E0F13D642F30068A722 /* en */ = {isa = PBXFileReference; lastKnownFileType = file.xib; name = en; path = en.lproj/FirstView.xib; sourceTree = "<group>"; };
		94C30E1213D642F30068A722 /* en */ = {isa = PBXFileReference; lastKnownFileType = file.xib; name = en; path = en.lproj/SecondView.xib; sourceTree = "<group>"; };
		94C30E1B13D645790068A722 /* MyViewController.h */ = {isa = PBXFileReference; fileEncoding = 4; lastKnownFileType = sourcecode.c.h; path = MyViewController.h; sourceTree = "<group>"; };
		94C30E1C13D645790068A722 /* MyViewController.m */ = {isa = PBXFileReference; fileEncoding = 4; lastKnownFileType = sourcecode.c.objc; path = MyViewController.m; sourceTree = "<group>"; };
		94C30E1F13D646080068A722 /* MyViewController.xib */ = {isa = PBXFileReference; fileEncoding = 4; lastKnownFileType = file.xib; path = MyViewController.xib; sourceTree = "<group>"; };
		94C30E7C13D68F5D0068A722 /* MapKit.framework */ = {isa = PBXFileReference; lastKnownFileType = wrapper.framework; path = MapKit.framework; sourceTree = "<group>"; };
		94C30E7E13D68F710068A722 /* QuartzCore.framework */ = {isa = PBXFileReference; lastKnownFileType = wrapper.framework; path = QuartzCore.framework; sourceTree = "<group>"; };
/* End PBXFileReference section */

/* Begin PBXFrameworksBuildPhase section */
		94C30DEC13D642F20068A722 /* Frameworks */ = {
			isa = PBXFrameworksBuildPhase;
			buildActionMask = 2147483647;
			files = (
				94C30DF413D642F20068A722 /* UIKit.framework in Frameworks */,
				94C30DF613D642F20068A722 /* Foundation.framework in Frameworks */,
				94C30DF813D642F20068A722 /* CoreGraphics.framework in Frameworks */,
				94C30E7D13D68F5D0068A722 /* MapKit.framework in Frameworks */,
				94C30E7F13D68F710068A722 /* QuartzCore.framework in Frameworks */,
			);
			runOnlyForDeploymentPostprocessing = 0;
		};
/* End PBXFrameworksBuildPhase section */

/* Begin PBXGroup section */
		9477355813DA894800093C88 /* JSON */ = {
			isa = PBXGroup;
			children = (
				9477355913DA894800093C88 /* JSON.h */,
				9477355A13DA894800093C88 /* NSObject+SBJSON.h */,
				9477355B13DA894800093C88 /* NSObject+SBJSON.m */,
				9477355C13DA894800093C88 /* NSString+SBJSON.h */,
				9477355D13DA894800093C88 /* NSString+SBJSON.m */,
				9477355E13DA894800093C88 /* SBJSON.h */,
				9477355F13DA894800093C88 /* SBJSON.m */,
				9477356013DA894800093C88 /* SBJsonBase.h */,
				9477356113DA894800093C88 /* SBJsonBase.m */,
				9477356213DA894800093C88 /* SBJsonParser.h */,
				9477356313DA894800093C88 /* SBJsonParser.m */,
				9477356413DA894800093C88 /* SBJsonWriter.h */,
				9477356513DA894800093C88 /* SBJsonWriter.m */,
			);
			path = JSON;
			sourceTree = "<group>";
		};
		947735AD13DCAD7700093C88 /* New Group */ = {
			isa = PBXGroup;
			children = (
				94C30E0E13D642F30068A722 /* FirstView.xib */,
				94C30E0813D642F20068A722 /* FirstViewController.h */,
				94C30E0913D642F20068A722 /* FirstViewController.m */,
				94C30E0B13D642F20068A722 /* SecondViewController.h */,
				94C30E0C13D642F20068A722 /* SecondViewController.m */,
				94C30E1113D642F30068A722 /* SecondView.xib */,
			);
			name = "New Group";
			sourceTree = "<group>";
		};
		94C30DE413D642F20068A722 = {
			isa = PBXGroup;
			children = (
				94C30DF913D642F20068A722 /* CoronadoApp3 */,
				94C30DF213D642F20068A722 /* Frameworks */,
				94C30DF013D642F20068A722 /* Products */,
			);
			sourceTree = "<group>";
		};
		94C30DF013D642F20068A722 /* Products */ = {
			isa = PBXGroup;
			children = (
				94C30DEF13D642F20068A722 /* CoronadoApp3.app */,
			);
			name = Products;
			sourceTree = "<group>";
		};
		94C30DF213D642F20068A722 /* Frameworks */ = {
			isa = PBXGroup;
			children = (
				94C30E7E13D68F710068A722 /* QuartzCore.framework */,
				94C30E7C13D68F5D0068A722 /* MapKit.framework */,
				94C30DF313D642F20068A722 /* UIKit.framework */,
				94C30DF513D642F20068A722 /* Foundation.framework */,
				94C30DF713D642F20068A722 /* CoreGraphics.framework */,
			);
			name = Frameworks;
			sourceTree = "<group>";
		};
		94C30DF913D642F20068A722 /* CoronadoApp3 */ = {
			isa = PBXGroup;
			children = (
				9477355813DA894800093C88 /* JSON */,
				947735AD13DCAD7700093C88 /* New Group */,
				949F1E3413DF8AF700860572 /* TapDetectingImageView.h */,
				949F1E3513DF8AF700860572 /* TapDetectingImageView.m */,
				949F1E3613DF8AF700860572 /* ThumbImageView.h */,
				949F1E3713DF8AF700860572 /* ThumbImageView.m */,
				94C30E0213D642F20068A722 /* CoronadoApp3AppDelegate.h */,
				94C30E0313D642F20068A722 /* CoronadoApp3AppDelegate.m */,
				94C30E1B13D645790068A722 /* MyViewController.h */,
				94C30E1C13D645790068A722 /* MyViewController.m */,
				94C30E0513D642F20068A722 /* MainWindow.xib */,
				94C30E1F13D646080068A722 /* MyViewController.xib */,
				94C30DFA13D642F20068A722 /* Supporting Files */,
			);
			path = CoronadoApp3;
			sourceTree = "<group>";
		};
		94C30DFA13D642F20068A722 /* Supporting Files */ = {
			isa = PBXGroup;
			children = (
				9477359513DBC23C00093C88 /* 101OceanDrivenight2.jpg */,
				94C30DFB13D642F20068A722 /* CoronadoApp3-Info.plist */,
				94C30DFC13D642F20068A722 /* InfoPlist.strings */,
				94C30DFF13D642F20068A722 /* CoronadoApp3-Prefix.pch */,
				94C30E0013D642F20068A722 /* main.m */,
			);
			name = "Supporting Files";
			sourceTree = "<group>";
		};
/* End PBXGroup section */

/* Begin PBXNativeTarget section */
		94C30DEE13D642F20068A722 /* CoronadoApp3 */ = {
			isa = PBXNativeTarget;
			buildConfigurationList = 94C30E1613D642F30068A722 /* Build configuration list for PBXNativeTarget "CoronadoApp3" */;
			buildPhases = (
				94C30DEB13D642F20068A722 /* Sources */,
				94C30DEC13D642F20068A722 /* Frameworks */,
				94C30DED13D642F20068A722 /* Resources */,
			);
			buildRules = (
			);
			dependencies = (
			);
			name = CoronadoApp3;
			productName = CoronadoApp3;
			productReference = 94C30DEF13D642F20068A722 /* CoronadoApp3.app */;
			productType = "com.apple.product-type.application";
		};
/* End PBXNativeTarget section */

/* Begin PBXProject section */
		94C30DE613D642F20068A722 /* Project object */ = {
			isa = PBXProject;
			buildConfigurationList = 94C30DE913D642F20068A722 /* Build configuration list for PBXProject "CoronadoApp3" */;
			compatibilityVersion = "Xcode 3.2";
			developmentRegion = English;
			hasScannedForEncodings = 0;
			knownRegions = (
				en,
			);
			mainGroup = 94C30DE413D642F20068A722;
			productRefGroup = 94C30DF013D642F20068A722 /* Products */;
			projectDirPath = "";
			projectRoot = "";
			targets = (
				94C30DEE13D642F20068A722 /* CoronadoApp3 */,
			);
		};
/* End PBXProject section */

/* Begin PBXResourcesBuildPhase section */
		94C30DED13D642F20068A722 /* Resources */ = {
			isa = PBXResourcesBuildPhase;
			buildActionMask = 2147483647;
			files = (
				94C30DFE13D642F20068A722 /* InfoPlist.strings in Resources */,
				94C30E0713D642F20068A722 /* MainWindow.xib in Resources */,
				94C30E1013D642F30068A722 /* FirstView.xib in Resources */,
				94C30E1313D642F30068A722 /* SecondView.xib in Resources */,
				94C30E2013D646080068A722 /* MyViewController.xib in Resources */,
				9477359613DBC23C00093C88 /* 101OceanDrivenight2.jpg in Resources */,
			);
			runOnlyForDeploymentPostprocessing = 0;
		};
/* End PBXResourcesBuildPhase section */

/* Begin PBXSourcesBuildPhase section */
		94C30DEB13D642F20068A722 /* Sources */ = {
			isa = PBXSourcesBuildPhase;
			buildActionMask = 2147483647;
			files = (
				94C30E0113D642F20068A722 /* main.m in Sources */,
				94C30E0413D642F20068A722 /* CoronadoApp3AppDelegate.m in Sources */,
				94C30E0A13D642F20068A722 /* FirstViewController.m in Sources */,
				94C30E0D13D642F20068A722 /* SecondViewController.m in Sources */,
				94C30E1E13D645790068A722 /* MyViewController.m in Sources */,
				9477356613DA894800093C88 /* NSObject+SBJSON.m in Sources */,
				9477356713DA894800093C88 /* NSString+SBJSON.m in Sources */,
				9477356813DA894800093C88 /* SBJSON.m in Sources */,
				9477356913DA894800093C88 /* SBJsonBase.m in Sources */,
				9477356A13DA894800093C88 /* SBJsonParser.m in Sources */,
				9477356B13DA894800093C88 /* SBJsonWriter.m in Sources */,
				949F1E3813DF8AF700860572 /* TapDetectingImageView.m in Sources */,
				949F1E3913DF8AF700860572 /* ThumbImageView.m in Sources */,
			);
			runOnlyForDeploymentPostprocessing = 0;
		};
/* End PBXSourcesBuildPhase section */

/* Begin PBXVariantGroup section */
		94C30DFC13D642F20068A722 /* InfoPlist.strings */ = {
			isa = PBXVariantGroup;
			children = (
				94C30DFD13D642F20068A722 /* en */,
			);
			name = InfoPlist.strings;
			sourceTree = "<group>";
		};
		94C30E0513D642F20068A722 /* MainWindow.xib */ = {
			isa = PBXVariantGroup;
			children = (
				94C30E0613D642F20068A722 /* en */,
			);
			name = MainWindow.xib;
			sourceTree = "<group>";
		};
		94C30E0E13D642F30068A722 /* FirstView.xib */ = {
			isa = PBXVariantGroup;
			children = (
				94C30E0F13D642F30068A722 /* en */,
			);
			name = FirstView.xib;
			sourceTree = "<group>";
		};
		94C30E1113D642F30068A722 /* SecondView.xib */ = {
			isa = PBXVariantGroup;
			children = (
				94C30E1213D642F30068A722 /* en */,
			);
			name = SecondView.xib;
			sourceTree = "<group>";
		};
/* End PBXVariantGroup section */

/* Begin XCBuildConfiguration section */
		94C30E1413D642F30068A722 /* Debug */ = {
			isa = XCBuildConfiguration;
			buildSettings = {
				ARCHS = "$(ARCHS_UNIVERSAL_IPHONE_OS)";
				"CODE_SIGN_IDENTITY[sdk=iphoneos*]" = "iPhone Developer";
				GCC_C_LANGUAGE_STANDARD = gnu99;
				GCC_OPTIMIZATION_LEVEL = 0;
				GCC_PREPROCESSOR_DEFINITIONS = DEBUG;
				GCC_SYMBOLS_PRIVATE_EXTERN = NO;
				GCC_VERSION = com.apple.compilers.llvmgcc42;
				GCC_WARN_ABOUT_RETURN_TYPE = YES;
				GCC_WARN_UNUSED_VARIABLE = YES;
				IPHONEOS_DEPLOYMENT_TARGET = 4.3;
				SDKROOT = iphoneos;
				TARGETED_DEVICE_FAMILY = 2;
			};
			name = Debug;
		};
		94C30E1513D642F30068A722 /* Release */ = {
			isa = XCBuildConfiguration;
			buildSettings = {
				ARCHS = "$(ARCHS_UNIVERSAL_IPHONE_OS)";
				"CODE_SIGN_IDENTITY[sdk=iphoneos*]" = "iPhone Developer";
				GCC_C_LANGUAGE_STANDARD = gnu99;
				GCC_VERSION = com.apple.compilers.llvmgcc42;
				GCC_WARN_ABOUT_RETURN_TYPE = YES;
				GCC_WARN_UNUSED_VARIABLE = YES;
				IPHONEOS_DEPLOYMENT_TARGET = 4.3;
				OTHER_CFLAGS = "-DNS_BLOCK_ASSERTIONS=1";
				SDKROOT = iphoneos;
				TARGETED_DEVICE_FAMILY = 2;
			};
			name = Release;
		};
		94C30E1713D642F30068A722 /* Debug */ = {
			isa = XCBuildConfiguration;
			buildSettings = {
				ALWAYS_SEARCH_USER_PATHS = NO;
				COPY_PHASE_STRIP = NO;
				FRAMEWORK_SEARCH_PATHS = (
					"$(inherited)",
					"\"$(SRCROOT)\"",
				);
				GCC_DYNAMIC_NO_PIC = NO;
				GCC_PRECOMPILE_PREFIX_HEADER = YES;
				GCC_PREFIX_HEADER = "CoronadoApp3/CoronadoApp3-Prefix.pch";
				INFOPLIST_FILE = "CoronadoApp3/CoronadoApp3-Info.plist";
				LIBRARY_SEARCH_PATHS = (
					"$(inherited)",
					"\"$(SRCROOT)/CoronadoApp3\"",
				);
				PRODUCT_NAME = "$(TARGET_NAME)";
				WRAPPER_EXTENSION = app;
			};
			name = Debug;
		};
		94C30E1813D642F30068A722 /* Release */ = {
			isa = XCBuildConfiguration;
			buildSettings = {
				ALWAYS_SEARCH_USER_PATHS = NO;
				COPY_PHASE_STRIP = YES;
				FRAMEWORK_SEARCH_PATHS = (
					"$(inherited)",
					"\"$(SRCROOT)\"",
				);
				GCC_PRECOMPILE_PREFIX_HEADER = YES;
				GCC_PREFIX_HEADER = "CoronadoApp3/CoronadoApp3-Prefix.pch";
				INFOPLIST_FILE = "CoronadoApp3/CoronadoApp3-Info.plist";
				LIBRARY_SEARCH_PATHS = (
					"$(inherited)",
					"\"$(SRCROOT)/CoronadoApp3\"",
				);
				PRODUCT_NAME = "$(TARGET_NAME)";
				VALIDATE_PRODUCT = YES;
				WRAPPER_EXTENSION = app;
			};
			name = Release;
		};
/* End XCBuildConfiguration section */

/* Begin XCConfigurationList section */
		94C30DE913D642F20068A722 /* Build configuration list for PBXProject "CoronadoApp3" */ = {
			isa = XCConfigurationList;
			buildConfigurations = (
				94C30E1413D642F30068A722 /* Debug */,
				94C30E1513D642F30068A722 /* Release */,
			);
			defaultConfigurationIsVisible = 0;
			defaultConfigurationName = Release;
		};
		94C30E1613D642F30068A722 /* Build configuration list for PBXNativeTarget "CoronadoApp3" */ = {
			isa = XCConfigurationList;
			buildConfigurations = (
				94C30E1713D642F30068A722 /* Debug */,
				94C30E1813D642F30068A722 /* Release */,
			);
			defaultConfigurationIsVisible = 0;
			defaultConfigurationName = Release;
		};
/* End XCConfigurationList section */
	};
	rootObject = 94C30DE613D642F20068A722 /* Project object */;
}
